PODS:
  - ARCL (1.3.0)
  - Charts (3.5.0):
    - Charts/Core (= 3.5.0)
  - Charts/Core (3.5.0)
  - CocoaLumberjack/Core (3.6.1)
  - CocoaLumberjack/Swift (3.6.1):
    - CocoaLumberjack/Core

DEPENDENCIES:
  - ARCL
  - Charts
  - CocoaLumberjack/Swift

SPEC REPOS:
  https://github.com/cocoapods/specs.git:
    - ARCL
    - Charts
    - CocoaLumberjack

SPEC CHECKSUMS:
  ARCL: db48b6927d6f3f49f29568295ed91c94ab8d4aab
  Charts: 40a08591df1f8ad5c223ddedfb1a06da92f24f7c
  CocoaLumberjack: b17ae15142558d08bbacf69775fa10c4abbebcc9

PODFILE CHECKSUM: 6449843ac8e7d44f765a03b2fccae02eab7dfffc

COCOAPODS: 1.5.3
