// !$*UTF8*$!
{
	archiveVersion = 1;
	classes = {
	};
	objectVersion = 48;
	objects = {

/* Begin PBXBuildFile section */
		352666D9E7D7144AE7EFFD75 /* libPods-Community Energy Feedback.a in Frameworks */ = {isa = PBXBuildFile; fileRef = 5FEF55139ED45E8583F63D77 /* libPods-Community Energy Feedback.a */; };
		4901EF051F1B7D560067870D /* SceneLocationEstimate+Extensions.swift in Sources */ = {isa = PBXBuildFile; fileRef = 4901EF041F1B7D560067870D /* SceneLocationEstimate+Extensions.swift */; };
		49099E391F24BAE5007B76FD /* SCNVector3+Extensions.swift in Sources */ = {isa = PBXBuildFile; fileRef = 49099E381F24BAE5007B76FD /* SCNVector3+Extensions.swift */; };
		49A3FBDC1F09988100AA59C8 /* AppDelegate.swift in Sources */ = {isa = PBXBuildFile; fileRef = 49A3FBDB1F09988100AA59C8 /* AppDelegate.swift */; };
		49A3FBE01F09988100AA59C8 /* ARViewController.swift in Sources */ = {isa = PBXBuildFile; fileRef = 49A3FBDF1F09988100AA59C8 /* ARViewController.swift */; };
		49A3FBE51F09988100AA59C8 /* Assets.xcassets in Resources */ = {isa = PBXBuildFile; fileRef = 49A3FBE41F09988100AA59C8 /* Assets.xcassets */; };
		49A3FBE81F09988100AA59C8 /* LaunchScreen.storyboard in Resources */ = {isa = PBXBuildFile; fileRef = 49A3FBE61F09988100AA59C8 /* LaunchScreen.storyboard */; };
		49A3FBF51F099A5F00AA59C8 /* LocationManager.swift in Sources */ = {isa = PBXBuildFile; fileRef = 49A3FBF41F099A5F00AA59C8 /* LocationManager.swift */; };
		49A3FBF71F099C8100AA59C8 /* SceneLocationView.swift in Sources */ = {isa = PBXBuildFile; fileRef = 49A3FBF61F099C8100AA59C8 /* SceneLocationView.swift */; };
		49A3FBFD1F09B00400AA59C8 /* CLLocation+Extensions.swift in Sources */ = {isa = PBXBuildFile; fileRef = 49A3FBFC1F09B00400AA59C8 /* CLLocation+Extensions.swift */; };
		49A3FBFF1F09B1D200AA59C8 /* LocationNode.swift in Sources */ = {isa = PBXBuildFile; fileRef = 49A3FBFE1F09B1D200AA59C8 /* LocationNode.swift */; };
		49A3FC011F09B9CF00AA59C8 /* SceneLocationEstimate.swift in Sources */ = {isa = PBXBuildFile; fileRef = 49A3FC001F09B9CF00AA59C8 /* SceneLocationEstimate.swift */; };
		49A3FC031F09BADB00AA59C8 /* FloatingPoint+Radians.swift in Sources */ = {isa = PBXBuildFile; fileRef = 49A3FC021F09BADB00AA59C8 /* FloatingPoint+Radians.swift */; };
		49A3FC051F0A423800AA59C8 /* CGPoint+Extensions.swift in Sources */ = {isa = PBXBuildFile; fileRef = 49A3FC041F0A423800AA59C8 /* CGPoint+Extensions.swift */; };
		49D206F31F124BDD00D7D622 /* SCNNode+Extensions.swift in Sources */ = {isa = PBXBuildFile; fileRef = 49D206F21F124BDD00D7D622 /* SCNNode+Extensions.swift */; };
		5C45E45220054D57006769B6 /* BubbleView.swift in Sources */ = {isa = PBXBuildFile; fileRef = 5C45E45120054D57006769B6 /* BubbleView.swift */; };
		5C45E45420054DF6006769B6 /* BubbleView.xib in Resources */ = {isa = PBXBuildFile; fileRef = 5C45E45320054DF6006769B6 /* BubbleView.xib */; };
		5C45E45620055FCA006769B6 /* BubbleSpriteKitScene.swift in Sources */ = {isa = PBXBuildFile; fileRef = 5C45E45520055FC9006769B6 /* BubbleSpriteKitScene.swift */; };
		61250D5B20EEA95900F5B5F9 /* SupplyViewController.swift in Sources */ = {isa = PBXBuildFile; fileRef = 61250D5A20EEA95900F5B5F9 /* SupplyViewController.swift */; };
		61250D5D20EEA99100F5B5F9 /* ConsumptionViewController.swift in Sources */ = {isa = PBXBuildFile; fileRef = 61250D5C20EEA99100F5B5F9 /* ConsumptionViewController.swift */; };
		61352886229F5C4D00382296 /* 03_energyConsumption.json in Resources */ = {isa = PBXBuildFile; fileRef = 61352885229F5C4D00382296 /* 03_energyConsumption.json */; };
		61BFF2AC20F5041D00A0FDFF /* 02_energySupply.json in Resources */ = {isa = PBXBuildFile; fileRef = 61BFF2AB20F5041D00A0FDFF /* 02_energySupply.json */; };
		61D7CB5D20E414AB00574968 /* Main.storyboard in Resources */ = {isa = PBXBuildFile; fileRef = 61D7CB5C20E414AB00574968 /* Main.storyboard */; };
		61DD54D3246C61D60012DDD5 /* Pods_Community_Energy_Feedback.framework in Embed Frameworks */ = {isa = PBXBuildFile; fileRef = 9B87ECF2FBF596ABBED4EE83 /* Pods_Community_Energy_Feedback.framework */; settings = {ATTRIBUTES = (CodeSignOnCopy, RemoveHeadersOnCopy, ); }; };
		61E2F7CA211DCB1F00195C62 /* TableViewCell.swift in Sources */ = {isa = PBXBuildFile; fileRef = 61E2F7C8211DCB1F00195C62 /* TableViewCell.swift */; };
		61E2F7CB211DCB1F00195C62 /* TableViewCell.xib in Resources */ = {isa = PBXBuildFile; fileRef = 61E2F7C9211DCB1F00195C62 /* TableViewCell.xib */; };
		D8C205D11F5B197200675E6E /* NotSupportedViewController.swift in Sources */ = {isa = PBXBuildFile; fileRef = D8C205D01F5B197200675E6E /* NotSupportedViewController.swift */; };
		F286B70E1FFD27C300E100AF /* 01_spatial.json in Resources */ = {isa = PBXBuildFile; fileRef = F286B70D1FFD27C300E100AF /* 01_spatial.json */; };
/* End PBXBuildFile section */

/* Begin PBXCopyFilesBuildPhase section */
		61DD54CB246C61120012DDD5 /* Embed Frameworks */ = {
			isa = PBXCopyFilesBuildPhase;
			buildActionMask = 2147483647;
			dstPath = "";
			dstSubfolderSpec = 10;
			files = (
				61DD54D3246C61D60012DDD5 /* Pods_Community_Energy_Feedback.framework in Embed Frameworks */,
			);
			name = "Embed Frameworks";
			runOnlyForDeploymentPostprocessing = 0;
		};
/* End PBXCopyFilesBuildPhase section */

/* Begin PBXFileReference section */
		38104A8494954E9B79241EAE /* Pods-ARKit+CoreLocation.debug.xcconfig */ = {isa = PBXFileReference; includeInIndex = 1; lastKnownFileType = text.xcconfig; name = "Pods-ARKit+CoreLocation.debug.xcconfig"; path = "Pods/Target Support Files/Pods-ARKit+CoreLocation/Pods-ARKit+CoreLocation.debug.xcconfig"; sourceTree = "<group>"; };
		4901EF041F1B7D560067870D /* SceneLocationEstimate+Extensions.swift */ = {isa = PBXFileReference; lastKnownFileType = sourcecode.swift; path = "SceneLocationEstimate+Extensions.swift"; sourceTree = "<group>"; };
		49099E381F24BAE5007B76FD /* SCNVector3+Extensions.swift */ = {isa = PBXFileReference; lastKnownFileType = sourcecode.swift; path = "SCNVector3+Extensions.swift"; sourceTree = "<group>"; };
		49A3FBD81F09988100AA59C8 /* Community Energy Feedback.app */ = {isa = PBXFileReference; explicitFileType = wrapper.application; includeInIndex = 0; path = "Community Energy Feedback.app"; sourceTree = BUILT_PRODUCTS_DIR; };
		49A3FBDB1F09988100AA59C8 /* AppDelegate.swift */ = {isa = PBXFileReference; lastKnownFileType = sourcecode.swift; path = AppDelegate.swift; sourceTree = "<group>"; };
		49A3FBDF1F09988100AA59C8 /* ARViewController.swift */ = {isa = PBXFileReference; lastKnownFileType = sourcecode.swift; path = ARViewController.swift; sourceTree = "<group>"; };
		49A3FBE41F09988100AA59C8 /* Assets.xcassets */ = {isa = PBXFileReference; lastKnownFileType = folder.assetcatalog; path = Assets.xcassets; sourceTree = "<group>"; };
		49A3FBE71F09988100AA59C8 /* Base */ = {isa = PBXFileReference; lastKnownFileType = file.storyboard; name = Base; path = Base.lproj/LaunchScreen.storyboard; sourceTree = "<group>"; };
		49A3FBE91F09988100AA59C8 /* Info.plist */ = {isa = PBXFileReference; lastKnownFileType = text.plist.xml; path = Info.plist; sourceTree = "<group>"; };
		49A3FBF41F099A5F00AA59C8 /* LocationManager.swift */ = {isa = PBXFileReference; lastKnownFileType = sourcecode.swift; path = LocationManager.swift; sourceTree = "<group>"; };
		49A3FBF61F099C8100AA59C8 /* SceneLocationView.swift */ = {isa = PBXFileReference; lastKnownFileType = sourcecode.swift; path = SceneLocationView.swift; sourceTree = "<group>"; };
		49A3FBFC1F09B00400AA59C8 /* CLLocation+Extensions.swift */ = {isa = PBXFileReference; lastKnownFileType = sourcecode.swift; path = "CLLocation+Extensions.swift"; sourceTree = "<group>"; };
		49A3FBFE1F09B1D200AA59C8 /* LocationNode.swift */ = {isa = PBXFileReference; lastKnownFileType = sourcecode.swift; path = LocationNode.swift; sourceTree = "<group>"; };
		49A3FC001F09B9CF00AA59C8 /* SceneLocationEstimate.swift */ = {isa = PBXFileReference; lastKnownFileType = sourcecode.swift; path = SceneLocationEstimate.swift; sourceTree = "<group>"; };
		49A3FC021F09BADB00AA59C8 /* FloatingPoint+Radians.swift */ = {isa = PBXFileReference; lastKnownFileType = sourcecode.swift; path = "FloatingPoint+Radians.swift"; sourceTree = "<group>"; };
		49A3FC041F0A423800AA59C8 /* CGPoint+Extensions.swift */ = {isa = PBXFileReference; lastKnownFileType = sourcecode.swift; path = "CGPoint+Extensions.swift"; sourceTree = "<group>"; };
		49D206F21F124BDD00D7D622 /* SCNNode+Extensions.swift */ = {isa = PBXFileReference; lastKnownFileType = sourcecode.swift; path = "SCNNode+Extensions.swift"; sourceTree = "<group>"; };
		5C45E45120054D57006769B6 /* BubbleView.swift */ = {isa = PBXFileReference; lastKnownFileType = sourcecode.swift; path = BubbleView.swift; sourceTree = "<group>"; };
		5C45E45320054DF6006769B6 /* BubbleView.xib */ = {isa = PBXFileReference; lastKnownFileType = file.xib; path = BubbleView.xib; sourceTree = "<group>"; };
		5C45E45520055FC9006769B6 /* BubbleSpriteKitScene.swift */ = {isa = PBXFileReference; lastKnownFileType = sourcecode.swift; path = BubbleSpriteKitScene.swift; sourceTree = "<group>"; };
		5FEF55139ED45E8583F63D77 /* libPods-Community Energy Feedback.a */ = {isa = PBXFileReference; explicitFileType = archive.ar; includeInIndex = 0; path = "libPods-Community Energy Feedback.a"; sourceTree = BUILT_PRODUCTS_DIR; };
		61250D5A20EEA95900F5B5F9 /* SupplyViewController.swift */ = {isa = PBXFileReference; lastKnownFileType = sourcecode.swift; path = SupplyViewController.swift; sourceTree = "<group>"; };
		61250D5C20EEA99100F5B5F9 /* ConsumptionViewController.swift */ = {isa = PBXFileReference; lastKnownFileType = sourcecode.swift; path = ConsumptionViewController.swift; sourceTree = "<group>"; };
		61352885229F5C4D00382296 /* 03_energyConsumption.json */ = {isa = PBXFileReference; fileEncoding = 4; lastKnownFileType = text.json; path = 03_energyConsumption.json; sourceTree = "<group>"; };
		61BFF2AB20F5041D00A0FDFF /* 02_energySupply.json */ = {isa = PBXFileReference; fileEncoding = 4; lastKnownFileType = text.json; name = 02_energySupply.json; path = "ARKit+CoreLocation/Data/02_energySupply.json"; sourceTree = SOURCE_ROOT; };
		61D7CB5C20E414AB00574968 /* Main.storyboard */ = {isa = PBXFileReference; lastKnownFileType = file.storyboard; path = Main.storyboard; sourceTree = "<group>"; };
		61DD54C8246C61120012DDD5 /* ARCL.framework */ = {isa = PBXFileReference; explicitFileType = wrapper.framework; path = ARCL.framework; sourceTree = BUILT_PRODUCTS_DIR; };
		61DD54CC246C61150012DDD5 /* Charts.framework */ = {isa = PBXFileReference; explicitFileType = wrapper.framework; path = Charts.framework; sourceTree = BUILT_PRODUCTS_DIR; };
		61DD54CF246C611A0012DDD5 /* CocoaLumberjack.framework */ = {isa = PBXFileReference; explicitFileType = wrapper.framework; path = CocoaLumberjack.framework; sourceTree = BUILT_PRODUCTS_DIR; };
		61E2F7C8211DCB1F00195C62 /* TableViewCell.swift */ = {isa = PBXFileReference; lastKnownFileType = sourcecode.swift; path = TableViewCell.swift; sourceTree = "<group>"; };
		61E2F7C9211DCB1F00195C62 /* TableViewCell.xib */ = {isa = PBXFileReference; lastKnownFileType = file.xib; path = TableViewCell.xib; sourceTree = "<group>"; };
		6C10523EF85AA6B7CDF962AD /* Pods_ARKit_CoreLocation.framework */ = {isa = PBXFileReference; explicitFileType = wrapper.framework; includeInIndex = 0; path = Pods_ARKit_CoreLocation.framework; sourceTree = BUILT_PRODUCTS_DIR; };
		9B87ECF2FBF596ABBED4EE83 /* Pods_Community_Energy_Feedback.framework */ = {isa = PBXFileReference; explicitFileType = wrapper.framework; includeInIndex = 0; path = Pods_Community_Energy_Feedback.framework; sourceTree = BUILT_PRODUCTS_DIR; };
		A967016A4C9D5DA8BF8AE438 /* Pods-ARKit+CoreLocation.release.xcconfig */ = {isa = PBXFileReference; includeInIndex = 1; lastKnownFileType = text.xcconfig; name = "Pods-ARKit+CoreLocation.release.xcconfig"; path = "Pods/Target Support Files/Pods-ARKit+CoreLocation/Pods-ARKit+CoreLocation.release.xcconfig"; sourceTree = "<group>"; };
		D8C205D01F5B197200675E6E /* NotSupportedViewController.swift */ = {isa = PBXFileReference; lastKnownFileType = sourcecode.swift; path = NotSupportedViewController.swift; sourceTree = "<group>"; };
		E95EE6433BDDB08CEA5D36D8 /* Pods-Community Energy Feedback.release.xcconfig */ = {isa = PBXFileReference; includeInIndex = 1; lastKnownFileType = text.xcconfig; name = "Pods-Community Energy Feedback.release.xcconfig"; path = "Pods/Target Support Files/Pods-Community Energy Feedback/Pods-Community Energy Feedback.release.xcconfig"; sourceTree = "<group>"; };
		F05101972EDF8F01CEE4D587 /* Pods-Community Energy Feedback.debug.xcconfig */ = {isa = PBXFileReference; includeInIndex = 1; lastKnownFileType = text.xcconfig; name = "Pods-Community Energy Feedback.debug.xcconfig"; path = "Pods/Target Support Files/Pods-Community Energy Feedback/Pods-Community Energy Feedback.debug.xcconfig"; sourceTree = "<group>"; };
		F286B70D1FFD27C300E100AF /* 01_spatial.json */ = {isa = PBXFileReference; fileEncoding = 4; lastKnownFileType = text.json; path = 01_spatial.json; sourceTree = "<group>"; };
/* End PBXFileReference section */

/* Begin PBXFrameworksBuildPhase section */
		49A3FBD51F09988100AA59C8 /* Frameworks */ = {
			isa = PBXFrameworksBuildPhase;
			buildActionMask = 2147483647;
			files = (
				352666D9E7D7144AE7EFFD75 /* libPods-Community Energy Feedback.a in Frameworks */,
			);
			runOnlyForDeploymentPostprocessing = 0;
		};
/* End PBXFrameworksBuildPhase section */

/* Begin PBXGroup section */
		49A3FBCF1F09988100AA59C8 = {
			isa = PBXGroup;
			children = (
				49A3FBDA1F09988100AA59C8 /* ARKit+CoreLocation */,
				49A3FBD91F09988100AA59C8 /* Products */,
				5F8D9F16076E5CEBAA727F10 /* Pods */,
				F2E2E005FD78BDD52B0F8A94 /* Frameworks */,
			);
			sourceTree = "<group>";
		};
		49A3FBD91F09988100AA59C8 /* Products */ = {
			isa = PBXGroup;
			children = (
				49A3FBD81F09988100AA59C8 /* Community Energy Feedback.app */,
			);
			name = Products;
			sourceTree = "<group>";
		};
		49A3FBDA1F09988100AA59C8 /* ARKit+CoreLocation */ = {
			isa = PBXGroup;
			children = (
				61C60967236B4B910009BA4D /* Data */,
				5C45E45020054C41006769B6 /* Views */,
				49A3FBF31F099A4A00AA59C8 /* Source */,
				49A3FBDB1F09988100AA59C8 /* AppDelegate.swift */,
				61250D5C20EEA99100F5B5F9 /* ConsumptionViewController.swift */,
				61250D5A20EEA95900F5B5F9 /* SupplyViewController.swift */,
				49A3FBDF1F09988100AA59C8 /* ARViewController.swift */,
				D8C205D01F5B197200675E6E /* NotSupportedViewController.swift */,
				49A3FBE41F09988100AA59C8 /* Assets.xcassets */,
				49A3FBE91F09988100AA59C8 /* Info.plist */,
			);
			path = "ARKit+CoreLocation";
			sourceTree = "<group>";
		};
		49A3FBF31F099A4A00AA59C8 /* Source */ = {
			isa = PBXGroup;
			children = (
				49A3FBFE1F09B1D200AA59C8 /* LocationNode.swift */,
				49A3FBF61F099C8100AA59C8 /* SceneLocationView.swift */,
				49A3FC001F09B9CF00AA59C8 /* SceneLocationEstimate.swift */,
				4901EF041F1B7D560067870D /* SceneLocationEstimate+Extensions.swift */,
				49A3FBF41F099A5F00AA59C8 /* LocationManager.swift */,
				49A3FBFC1F09B00400AA59C8 /* CLLocation+Extensions.swift */,
				49099E381F24BAE5007B76FD /* SCNVector3+Extensions.swift */,
				49A3FC021F09BADB00AA59C8 /* FloatingPoint+Radians.swift */,
				49A3FC041F0A423800AA59C8 /* CGPoint+Extensions.swift */,
				49D206F21F124BDD00D7D622 /* SCNNode+Extensions.swift */,
			);
			path = Source;
			sourceTree = "<group>";
		};
		5C45E45020054C41006769B6 /* Views */ = {
			isa = PBXGroup;
			children = (
				61E2F7C7211DCAE000195C62 /* Custom Views */,
				49A3FBE61F09988100AA59C8 /* LaunchScreen.storyboard */,
				61D7CB5C20E414AB00574968 /* Main.storyboard */,
			);
			path = Views;
			sourceTree = "<group>";
		};
		5F8D9F16076E5CEBAA727F10 /* Pods */ = {
			isa = PBXGroup;
			children = (
				38104A8494954E9B79241EAE /* Pods-ARKit+CoreLocation.debug.xcconfig */,
				A967016A4C9D5DA8BF8AE438 /* Pods-ARKit+CoreLocation.release.xcconfig */,
				F05101972EDF8F01CEE4D587 /* Pods-Community Energy Feedback.debug.xcconfig */,
				E95EE6433BDDB08CEA5D36D8 /* Pods-Community Energy Feedback.release.xcconfig */,
			);
			name = Pods;
			sourceTree = "<group>";
		};
		61C60967236B4B910009BA4D /* Data */ = {
			isa = PBXGroup;
			children = (
				61352885229F5C4D00382296 /* 03_energyConsumption.json */,
				F286B70D1FFD27C300E100AF /* 01_spatial.json */,
				61BFF2AB20F5041D00A0FDFF /* 02_energySupply.json */,
			);
			path = Data;
			sourceTree = "<group>";
		};
		61E2F7C7211DCAE000195C62 /* Custom Views */ = {
			isa = PBXGroup;
			children = (
				5C45E45520055FC9006769B6 /* BubbleSpriteKitScene.swift */,
				61E2F7C8211DCB1F00195C62 /* TableViewCell.swift */,
				61E2F7C9211DCB1F00195C62 /* TableViewCell.xib */,
				5C45E45120054D57006769B6 /* BubbleView.swift */,
				5C45E45320054DF6006769B6 /* BubbleView.xib */,
			);
			name = "Custom Views";
			sourceTree = "<group>";
		};
		F2E2E005FD78BDD52B0F8A94 /* Frameworks */ = {
			isa = PBXGroup;
			children = (
				61DD54CF246C611A0012DDD5 /* CocoaLumberjack.framework */,
				61DD54CC246C61150012DDD5 /* Charts.framework */,
				61DD54C8246C61120012DDD5 /* ARCL.framework */,
				6C10523EF85AA6B7CDF962AD /* Pods_ARKit_CoreLocation.framework */,
				5FEF55139ED45E8583F63D77 /* libPods-Community Energy Feedback.a */,
			);
			name = Frameworks;
			sourceTree = "<group>";
		};
/* End PBXGroup section */

/* Begin PBXNativeTarget section */
		49A3FBD71F09988100AA59C8 /* Community Energy Feedback */ = {
			isa = PBXNativeTarget;
			buildConfigurationList = 49A3FBEC1F09988100AA59C8 /* Build configuration list for PBXNativeTarget "Community Energy Feedback" */;
			buildPhases = (
				63B0FABA6912CCD1470FF302 /* [CP] Check Pods Manifest.lock */,
				49A3FBD41F09988100AA59C8 /* Sources */,
				49A3FBD51F09988100AA59C8 /* Frameworks */,
				49A3FBD61F09988100AA59C8 /* Resources */,
				61DD54CB246C61120012DDD5 /* Embed Frameworks */,
			);
			buildRules = (
			);
			dependencies = (
			);
			name = "Community Energy Feedback";
			productName = "ARKit+CoreLocation";
			productReference = 49A3FBD81F09988100AA59C8 /* Community Energy Feedback.app */;
			productType = "com.apple.product-type.application";
		};
/* End PBXNativeTarget section */

/* Begin PBXProject section */
		49A3FBD01F09988100AA59C8 /* Project object */ = {
			isa = PBXProject;
			attributes = {
				LastSwiftUpdateCheck = 0900;
				LastUpgradeCheck = 0940;
				ORGANIZATIONNAME = "Project Dent";
				TargetAttributes = {
					49A3FBD71F09988100AA59C8 = {
						CreatedOnToolsVersion = 9.0;
						LastSwiftMigration = 1000;
						ProvisioningStyle = Automatic;
					};
				};
			};
			buildConfigurationList = 49A3FBD31F09988100AA59C8 /* Build configuration list for PBXProject "Community Energy Feedback" */;
			compatibilityVersion = "Xcode 8.0";
			developmentRegion = en;
			hasScannedForEncodings = 0;
			knownRegions = (
				en,
				Base,
			);
			mainGroup = 49A3FBCF1F09988100AA59C8;
			productRefGroup = 49A3FBD91F09988100AA59C8 /* Products */;
			projectDirPath = "";
			projectRoot = "";
			targets = (
				49A3FBD71F09988100AA59C8 /* Community Energy Feedback */,
			);
		};
/* End PBXProject section */

/* Begin PBXResourcesBuildPhase section */
		49A3FBD61F09988100AA59C8 /* Resources */ = {
			isa = PBXResourcesBuildPhase;
			buildActionMask = 2147483647;
			files = (
				61352886229F5C4D00382296 /* 03_energyConsumption.json in Resources */,
				49A3FBE81F09988100AA59C8 /* LaunchScreen.storyboard in Resources */,
				61E2F7CB211DCB1F00195C62 /* TableViewCell.xib in Resources */,
				F286B70E1FFD27C300E100AF /* 01_spatial.json in Resources */,
				61BFF2AC20F5041D00A0FDFF /* 02_energySupply.json in Resources */,
				61D7CB5D20E414AB00574968 /* Main.storyboard in Resources */,
				5C45E45420054DF6006769B6 /* BubbleView.xib in Resources */,
				49A3FBE51F09988100AA59C8 /* Assets.xcassets in Resources */,
			);
			runOnlyForDeploymentPostprocessing = 0;
		};
/* End PBXResourcesBuildPhase section */

/* Begin PBXShellScriptBuildPhase section */
		63B0FABA6912CCD1470FF302 /* [CP] Check Pods Manifest.lock */ = {
			isa = PBXShellScriptBuildPhase;
			buildActionMask = 2147483647;
			files = (
			);
			inputPaths = (
				"${PODS_PODFILE_DIR_PATH}/Podfile.lock",
				"${PODS_ROOT}/Manifest.lock",
			);
			name = "[CP] Check Pods Manifest.lock";
			outputPaths = (
				"$(DERIVED_FILE_DIR)/Pods-Community Energy Feedback-checkManifestLockResult.txt",
			);
			runOnlyForDeploymentPostprocessing = 0;
			shellPath = /bin/sh;
			shellScript = "diff \"${PODS_PODFILE_DIR_PATH}/Podfile.lock\" \"${PODS_ROOT}/Manifest.lock\" > /dev/null\nif [ $? != 0 ] ; then\n    # print error to STDERR\n    echo \"error: The sandbox is not in sync with the Podfile.lock. Run 'pod install' or update your CocoaPods installation.\" >&2\n    exit 1\nfi\n# This output is used by Xcode 'outputs' to avoid re-running this script phase.\necho \"SUCCESS\" > \"${SCRIPT_OUTPUT_FILE_0}\"\n";
			showEnvVarsInLog = 0;
		};
/* End PBXShellScriptBuildPhase section */

/* Begin PBXSourcesBuildPhase section */
		49A3FBD41F09988100AA59C8 /* Sources */ = {
			isa = PBXSourcesBuildPhase;
			buildActionMask = 2147483647;
			files = (
				49099E391F24BAE5007B76FD /* SCNVector3+Extensions.swift in Sources */,
				49A3FBF71F099C8100AA59C8 /* SceneLocationView.swift in Sources */,
				61250D5D20EEA99100F5B5F9 /* ConsumptionViewController.swift in Sources */,
				5C45E45220054D57006769B6 /* BubbleView.swift in Sources */,
				5C45E45620055FCA006769B6 /* BubbleSpriteKitScene.swift in Sources */,
				49A3FC031F09BADB00AA59C8 /* FloatingPoint+Radians.swift in Sources */,
				D8C205D11F5B197200675E6E /* NotSupportedViewController.swift in Sources */,
				49A3FBFF1F09B1D200AA59C8 /* LocationNode.swift in Sources */,
				49A3FBFD1F09B00400AA59C8 /* CLLocation+Extensions.swift in Sources */,
				61E2F7CA211DCB1F00195C62 /* TableViewCell.swift in Sources */,
				61250D5B20EEA95900F5B5F9 /* SupplyViewController.swift in Sources */,
				49A3FC051F0A423800AA59C8 /* CGPoint+Extensions.swift in Sources */,
				49A3FBE01F09988100AA59C8 /* ARViewController.swift in Sources */,
				4901EF051F1B7D560067870D /* SceneLocationEstimate+Extensions.swift in Sources */,
				49A3FC011F09B9CF00AA59C8 /* SceneLocationEstimate.swift in Sources */,
				49A3FBDC1F09988100AA59C8 /* AppDelegate.swift in Sources */,
				49D206F31F124BDD00D7D622 /* SCNNode+Extensions.swift in Sources */,
				49A3FBF51F099A5F00AA59C8 /* LocationManager.swift in Sources */,
			);
			runOnlyForDeploymentPostprocessing = 0;
		};
/* End PBXSourcesBuildPhase section */

/* Begin PBXVariantGroup section */
		49A3FBE61F09988100AA59C8 /* LaunchScreen.storyboard */ = {
			isa = PBXVariantGroup;
			children = (
				49A3FBE71F09988100AA59C8 /* Base */,
			);
			name = LaunchScreen.storyboard;
			sourceTree = "<group>";
		};
/* End PBXVariantGroup section */

/* Begin XCBuildConfiguration section */
		49A3FBEA1F09988100AA59C8 /* Debug */ = {
			isa = XCBuildConfiguration;
			buildSettings = {
				ALWAYS_SEARCH_USER_PATHS = NO;
				CLANG_ANALYZER_NONNULL = YES;
				CLANG_ANALYZER_NUMBER_OBJECT_CONVERSION = YES_AGGRESSIVE;
				CLANG_CXX_LANGUAGE_STANDARD = "gnu++14";
				CLANG_CXX_LIBRARY = "libc++";
				CLANG_ENABLE_MODULES = YES;
				CLANG_ENABLE_OBJC_ARC = YES;
				CLANG_WARN_BLOCK_CAPTURE_AUTORELEASING = YES;
				CLANG_WARN_BOOL_CONVERSION = YES;
				CLANG_WARN_COMMA = YES;
				CLANG_WARN_CONSTANT_CONVERSION = YES;
				CLANG_WARN_DEPRECATED_OBJC_IMPLEMENTATIONS = YES;
				CLANG_WARN_DIRECT_OBJC_ISA_USAGE = YES_ERROR;
				CLANG_WARN_DOCUMENTATION_COMMENTS = YES;
				CLANG_WARN_EMPTY_BODY = YES;
				CLANG_WARN_ENUM_CONVERSION = YES;
				CLANG_WARN_INFINITE_RECURSION = YES;
				CLANG_WARN_INT_CONVERSION = YES;
				CLANG_WARN_NON_LITERAL_NULL_CONVERSION = YES;
				CLANG_WARN_OBJC_IMPLICIT_RETAIN_SELF = YES;
				CLANG_WARN_OBJC_LITERAL_CONVERSION = YES;
				CLANG_WARN_OBJC_ROOT_CLASS = YES_ERROR;
				CLANG_WARN_RANGE_LOOP_ANALYSIS = YES;
				CLANG_WARN_STRICT_PROTOTYPES = YES;
				CLANG_WARN_SUSPICIOUS_MOVE = YES;
				CLANG_WARN_UNGUARDED_AVAILABILITY = YES_AGGRESSIVE;
				CLANG_WARN_UNREACHABLE_CODE = YES;
				CLANG_WARN__DUPLICATE_METHOD_MATCH = YES;
				CODE_SIGN_IDENTITY = "iPhone Developer";
				COPY_PHASE_STRIP = NO;
				DEBUG_INFORMATION_FORMAT = dwarf;
				ENABLE_STRICT_OBJC_MSGSEND = YES;
				ENABLE_TESTABILITY = YES;
				GCC_C_LANGUAGE_STANDARD = gnu11;
				GCC_DYNAMIC_NO_PIC = NO;
				GCC_NO_COMMON_BLOCKS = YES;
				GCC_OPTIMIZATION_LEVEL = 0;
				GCC_PREPROCESSOR_DEFINITIONS = (
					"DEBUG=1",
					"$(inherited)",
				);
				GCC_WARN_64_TO_32_BIT_CONVERSION = YES;
				GCC_WARN_ABOUT_RETURN_TYPE = YES_ERROR;
				GCC_WARN_UNDECLARED_SELECTOR = YES;
				GCC_WARN_UNINITIALIZED_AUTOS = YES_AGGRESSIVE;
				GCC_WARN_UNUSED_FUNCTION = YES;
				GCC_WARN_UNUSED_VARIABLE = YES;
				IPHONEOS_DEPLOYMENT_TARGET = 12.0;
				MTL_ENABLE_DEBUG_INFO = YES;
				ONLY_ACTIVE_ARCH = YES;
				SDKROOT = iphoneos;
				SWIFT_ACTIVE_COMPILATION_CONDITIONS = DEBUG;
				SWIFT_OPTIMIZATION_LEVEL = "-Onone";
			};
			name = Debug;
		};
		49A3FBEB1F09988100AA59C8 /* Release */ = {
			isa = XCBuildConfiguration;
			buildSettings = {
				ALWAYS_SEARCH_USER_PATHS = NO;
				CLANG_ANALYZER_NONNULL = YES;
				CLANG_ANALYZER_NUMBER_OBJECT_CONVERSION = YES_AGGRESSIVE;
				CLANG_CXX_LANGUAGE_STANDARD = "gnu++14";
				CLANG_CXX_LIBRARY = "libc++";
				CLANG_ENABLE_MODULES = YES;
				CLANG_ENABLE_OBJC_ARC = YES;
				CLANG_WARN_BLOCK_CAPTURE_AUTORELEASING = YES;
				CLANG_WARN_BOOL_CONVERSION = YES;
				CLANG_WARN_COMMA = YES;
				CLANG_WARN_CONSTANT_CONVERSION = YES;
				CLANG_WARN_DEPRECATED_OBJC_IMPLEMENTATIONS = YES;
				CLANG_WARN_DIRECT_OBJC_ISA_USAGE = YES_ERROR;
				CLANG_WARN_DOCUMENTATION_COMMENTS = YES;
				CLANG_WARN_EMPTY_BODY = YES;
				CLANG_WARN_ENUM_CONVERSION = YES;
				CLANG_WARN_INFINITE_RECURSION = YES;
				CLANG_WARN_INT_CONVERSION = YES;
				CLANG_WARN_NON_LITERAL_NULL_CONVERSION = YES;
				CLANG_WARN_OBJC_IMPLICIT_RETAIN_SELF = YES;
				CLANG_WARN_OBJC_LITERAL_CONVERSION = YES;
				CLANG_WARN_OBJC_ROOT_CLASS = YES_ERROR;
				CLANG_WARN_RANGE_LOOP_ANALYSIS = YES;
				CLANG_WARN_STRICT_PROTOTYPES = YES;
				CLANG_WARN_SUSPICIOUS_MOVE = YES;
				CLANG_WARN_UNGUARDED_AVAILABILITY = YES_AGGRESSIVE;
				CLANG_WARN_UNREACHABLE_CODE = YES;
				CLANG_WARN__DUPLICATE_METHOD_MATCH = YES;
				CODE_SIGN_IDENTITY = "iPhone Developer";
				COPY_PHASE_STRIP = NO;
				DEBUG_INFORMATION_FORMAT = "dwarf-with-dsym";
				ENABLE_NS_ASSERTIONS = NO;
				ENABLE_STRICT_OBJC_MSGSEND = YES;
				GCC_C_LANGUAGE_STANDARD = gnu11;
				GCC_NO_COMMON_BLOCKS = YES;
				GCC_WARN_64_TO_32_BIT_CONVERSION = YES;
				GCC_WARN_ABOUT_RETURN_TYPE = YES_ERROR;
				GCC_WARN_UNDECLARED_SELECTOR = YES;
				GCC_WARN_UNINITIALIZED_AUTOS = YES_AGGRESSIVE;
				GCC_WARN_UNUSED_FUNCTION = YES;
				GCC_WARN_UNUSED_VARIABLE = YES;
				IPHONEOS_DEPLOYMENT_TARGET = 12.0;
				MTL_ENABLE_DEBUG_INFO = NO;
				SDKROOT = iphoneos;
				SWIFT_OPTIMIZATION_LEVEL = "-Owholemodule";
				VALIDATE_PRODUCT = YES;
			};
			name = Release;
		};
		49A3FBED1F09988100AA59C8 /* Debug */ = {
			isa = XCBuildConfiguration;
			baseConfigurationReference = F05101972EDF8F01CEE4D587 /* Pods-Community Energy Feedback.debug.xcconfig */;
			buildSettings = {
				ASSETCATALOG_COMPILER_APPICON_NAME = AppIcon;
				CODE_SIGN_IDENTITY = "iPhone Developer";
				CODE_SIGN_STYLE = Automatic;
				DEVELOPMENT_TEAM = KB3WJF2233;
				DYLIB_INSTALL_NAME_BASE = "";
				INFOPLIST_FILE = "ARKit+CoreLocation/Info.plist";
				IPHONEOS_DEPLOYMENT_TARGET = 12.0;
				LD_RUNPATH_SEARCH_PATHS = "$(inherited) @executable_path/Frameworks";
				PRODUCT_BUNDLE_IDENTIFIER = "CEFS.ARKit-CoreLocation.abigailFrancisco";
				PRODUCT_NAME = "$(TARGET_NAME)";
				PROVISIONING_PROFILE = "";
				PROVISIONING_PROFILE_SPECIFIER = "";
				SWIFT_VERSION = 4.2;
				TARGETED_DEVICE_FAMILY = "1,2";
			};
			name = Debug;
		};
		49A3FBEE1F09988100AA59C8 /* Release */ = {
			isa = XCBuildConfiguration;
			baseConfigurationReference = E95EE6433BDDB08CEA5D36D8 /* Pods-Community Energy Feedback.release.xcconfig */;
			buildSettings = {
				ASSETCATALOG_COMPILER_APPICON_NAME = AppIcon;
				CODE_SIGN_IDENTITY = "iPhone Developer";
				CODE_SIGN_STYLE = Automatic;
				DEVELOPMENT_TEAM = KB3WJF2233;
				DYLIB_INSTALL_NAME_BASE = "";
				INFOPLIST_FILE = "ARKit+CoreLocation/Info.plist";
				IPHONEOS_DEPLOYMENT_TARGET = 12.0;
				LD_RUNPATH_SEARCH_PATHS = "$(inherited) @executable_path/Frameworks";
				PRODUCT_BUNDLE_IDENTIFIER = "CEFS.ARKit-CoreLocation.abigailFrancisco";
				PRODUCT_NAME = "$(TARGET_NAME)";
				PROVISIONING_PROFILE_SPECIFIER = "";
				SWIFT_VERSION = 4.2;
				TARGETED_DEVICE_FAMILY = "1,2";
			};
			name = Release;
		};
/* End XCBuildConfiguration section */

/* Begin XCConfigurationList section */
		49A3FBD31F09988100AA59C8 /* Build configuration list for PBXProject "Community Energy Feedback" */ = {
			isa = XCConfigurationList;
			buildConfigurations = (
				49A3FBEA1F09988100AA59C8 /* Debug */,
				49A3FBEB1F09988100AA59C8 /* Release */,
			);
			defaultConfigurationIsVisible = 0;
			defaultConfigurationName = Release;
		};
		49A3FBEC1F09988100AA59C8 /* Build configuration list for PBXNativeTarget "Community Energy Feedback" */ = {
			isa = XCConfigurationList;
			buildConfigurations = (
				49A3FBED1F09988100AA59C8 /* Debug */,
				49A3FBEE1F09988100AA59C8 /* Release */,
			);
			defaultConfigurationIsVisible = 0;
			defaultConfigurationName = Release;
		};
/* End XCConfigurationList section */
	};
	rootObject = 49A3FBD01F09988100AA59C8 /* Project object */;
}
